// !$*UTF8*$!
{
	archiveVersion = 1;
	classes = {
	};
	objectVersion = 46;
	objects = {

/* Begin PBXBuildFile section */
		8E03A2D81C875E7C00EC92A8 /* FileDelete.swift in Sources */ = {isa = PBXBuildFile; fileRef = 8E03A2D21C875E7C00EC92A8 /* FileDelete.swift */; };
		8E03A2D91C875E7C00EC92A8 /* FileDirectory.swift in Sources */ = {isa = PBXBuildFile; fileRef = 8E03A2D31C875E7C00EC92A8 /* FileDirectory.swift */; };
		8E03A2DA1C875E7C00EC92A8 /* FileHelper.swift in Sources */ = {isa = PBXBuildFile; fileRef = 8E03A2D41C875E7C00EC92A8 /* FileHelper.swift */; };
		8E03A2DB1C875E7C00EC92A8 /* FileList.swift in Sources */ = {isa = PBXBuildFile; fileRef = 8E03A2D51C875E7C00EC92A8 /* FileList.swift */; };
		8E03A2DC1C875E7C00EC92A8 /* FileLoad.swift in Sources */ = {isa = PBXBuildFile; fileRef = 8E03A2D61C875E7C00EC92A8 /* FileLoad.swift */; };
		8E03A2DD1C875E7C00EC92A8 /* FileSave.swift in Sources */ = {isa = PBXBuildFile; fileRef = 8E03A2D71C875E7C00EC92A8 /* FileSave.swift */; };
		8E0A65F21AF23B8F000CFB22 /* AppDelegate.swift in Sources */ = {isa = PBXBuildFile; fileRef = 8E0A65F11AF23B8F000CFB22 /* AppDelegate.swift */; };
		8E0A65F41AF23B8F000CFB22 /* ViewController.swift in Sources */ = {isa = PBXBuildFile; fileRef = 8E0A65F31AF23B8F000CFB22 /* ViewController.swift */; };
		8E0A65F71AF23B8F000CFB22 /* Main.storyboard in Resources */ = {isa = PBXBuildFile; fileRef = 8E0A65F51AF23B8F000CFB22 /* Main.storyboard */; };
		8E0A65F91AF23B8F000CFB22 /* Images.xcassets in Resources */ = {isa = PBXBuildFile; fileRef = 8E0A65F81AF23B8F000CFB22 /* Images.xcassets */; };
		8E0A65FC1AF23B8F000CFB22 /* LaunchScreen.xib in Resources */ = {isa = PBXBuildFile; fileRef = 8E0A65FA1AF23B8F000CFB22 /* LaunchScreen.xib */; };
		8E0A66081AF23B8F000CFB22 /* SwiftFilesZipTests.swift in Sources */ = {isa = PBXBuildFile; fileRef = 8E0A66071AF23B8F000CFB22 /* SwiftFilesZipTests.swift */; };
		8E0A66271AF23C26000CFB22 /* ioapi.c in Sources */ = {isa = PBXBuildFile; fileRef = 8E0A661D1AF23C25000CFB22 /* ioapi.c */; };
		8E0A66281AF23C26000CFB22 /* mztools.c in Sources */ = {isa = PBXBuildFile; fileRef = 8E0A661F1AF23C25000CFB22 /* mztools.c */; };
		8E0A66291AF23C26000CFB22 /* unzip.c in Sources */ = {isa = PBXBuildFile; fileRef = 8E0A66211AF23C26000CFB22 /* unzip.c */; };
		8E0A662A1AF23C26000CFB22 /* zip.c in Sources */ = {isa = PBXBuildFile; fileRef = 8E0A66231AF23C26000CFB22 /* zip.c */; };
		8E0A662B1AF23C26000CFB22 /* SSZipArchive.m in Sources */ = {isa = PBXBuildFile; fileRef = 8E0A66261AF23C26000CFB22 /* SSZipArchive.m */; };
		8E0A662F1AF23E88000CFB22 /* FileZip.swift in Sources */ = {isa = PBXBuildFile; fileRef = 8E0A662E1AF23E88000CFB22 /* FileZip.swift */; };
		8EA5BE9D1B03455400662CF4 /* FileCollectionView.swift in Sources */ = {isa = PBXBuildFile; fileRef = 8EA5BE9C1B03455400662CF4 /* FileCollectionView.swift */; };
		8EBC65EF1C883EC20037376A /* libz.tbd in Frameworks */ = {isa = PBXBuildFile; fileRef = 8EBC65EE1C883EC20037376A /* libz.tbd */; };
		8EBC661F1C88A1A30037376A /* FileMove.swift in Sources */ = {isa = PBXBuildFile; fileRef = 8EBC661E1C88A1A30037376A /* FileMove.swift */; };
		8ECA221B1B024F2400371911 /* EPUBContainerParser.swift in Sources */ = {isa = PBXBuildFile; fileRef = 8ECA221A1B024F2400371911 /* EPUBContainerParser.swift */; };
/* End PBXBuildFile section */

/* Begin PBXContainerItemProxy section */
		8E0A66021AF23B8F000CFB22 /* PBXContainerItemProxy */ = {
			isa = PBXContainerItemProxy;
			containerPortal = 8E0A65E41AF23B8F000CFB22 /* Project object */;
			proxyType = 1;
			remoteGlobalIDString = 8E0A65EB1AF23B8F000CFB22;
			remoteInfo = SwiftFilesZip;
		};
/* End PBXContainerItemProxy section */

/* Begin PBXFileReference section */
		8E03A2D21C875E7C00EC92A8 /* FileDelete.swift */ = {isa = PBXFileReference; fileEncoding = 4; lastKnownFileType = sourcecode.swift; path = FileDelete.swift; sourceTree = "<group>"; };
		8E03A2D31C875E7C00EC92A8 /* FileDirectory.swift */ = {isa = PBXFileReference; fileEncoding = 4; lastKnownFileType = sourcecode.swift; path = FileDirectory.swift; sourceTree = "<group>"; };
		8E03A2D41C875E7C00EC92A8 /* FileHelper.swift */ = {isa = PBXFileReference; fileEncoding = 4; lastKnownFileType = sourcecode.swift; path = FileHelper.swift; sourceTree = "<group>"; };
		8E03A2D51C875E7C00EC92A8 /* FileList.swift */ = {isa = PBXFileReference; fileEncoding = 4; lastKnownFileType = sourcecode.swift; path = FileList.swift; sourceTree = "<group>"; };
		8E03A2D61C875E7C00EC92A8 /* FileLoad.swift */ = {isa = PBXFileReference; fileEncoding = 4; lastKnownFileType = sourcecode.swift; path = FileLoad.swift; sourceTree = "<group>"; };
		8E03A2D71C875E7C00EC92A8 /* FileSave.swift */ = {isa = PBXFileReference; fileEncoding = 4; lastKnownFileType = sourcecode.swift; path = FileSave.swift; sourceTree = "<group>"; };
		8E0A65EC1AF23B8F000CFB22 /* SwiftFilesZip.app */ = {isa = PBXFileReference; explicitFileType = wrapper.application; includeInIndex = 0; path = SwiftFilesZip.app; sourceTree = BUILT_PRODUCTS_DIR; };
		8E0A65F01AF23B8F000CFB22 /* Info.plist */ = {isa = PBXFileReference; lastKnownFileType = text.plist.xml; path = Info.plist; sourceTree = "<group>"; };
		8E0A65F11AF23B8F000CFB22 /* AppDelegate.swift */ = {isa = PBXFileReference; lastKnownFileType = sourcecode.swift; path = AppDelegate.swift; sourceTree = "<group>"; };
		8E0A65F31AF23B8F000CFB22 /* ViewController.swift */ = {isa = PBXFileReference; lastKnownFileType = sourcecode.swift; path = ViewController.swift; sourceTree = "<group>"; };
		8E0A65F61AF23B8F000CFB22 /* Base */ = {isa = PBXFileReference; lastKnownFileType = file.storyboard; name = Base; path = Base.lproj/Main.storyboard; sourceTree = "<group>"; };
		8E0A65F81AF23B8F000CFB22 /* Images.xcassets */ = {isa = PBXFileReference; lastKnownFileType = folder.assetcatalog; path = Images.xcassets; sourceTree = "<group>"; };
		8E0A65FB1AF23B8F000CFB22 /* Base */ = {isa = PBXFileReference; lastKnownFileType = file.xib; name = Base; path = Base.lproj/LaunchScreen.xib; sourceTree = "<group>"; };
		8E0A66011AF23B8F000CFB22 /* SwiftFilesZipTests.xctest */ = {isa = PBXFileReference; explicitFileType = wrapper.cfbundle; includeInIndex = 0; path = SwiftFilesZipTests.xctest; sourceTree = BUILT_PRODUCTS_DIR; };
		8E0A66061AF23B8F000CFB22 /* Info.plist */ = {isa = PBXFileReference; lastKnownFileType = text.plist.xml; path = Info.plist; sourceTree = "<group>"; };
		8E0A66071AF23B8F000CFB22 /* SwiftFilesZipTests.swift */ = {isa = PBXFileReference; lastKnownFileType = sourcecode.swift; path = SwiftFilesZipTests.swift; sourceTree = "<group>"; };
		8E0A661A1AF23C25000CFB22 /* SwiftFilesZip-Bridging-Header.h */ = {isa = PBXFileReference; lastKnownFileType = sourcecode.c.h; path = "SwiftFilesZip-Bridging-Header.h"; sourceTree = "<group>"; };
		8E0A661C1AF23C25000CFB22 /* crypt.h */ = {isa = PBXFileReference; fileEncoding = 4; lastKnownFileType = sourcecode.c.h; path = crypt.h; sourceTree = "<group>"; };
		8E0A661D1AF23C25000CFB22 /* ioapi.c */ = {isa = PBXFileReference; fileEncoding = 4; lastKnownFileType = sourcecode.c.c; path = ioapi.c; sourceTree = "<group>"; };
		8E0A661E1AF23C25000CFB22 /* ioapi.h */ = {isa = PBXFileReference; fileEncoding = 4; lastKnownFileType = sourcecode.c.h; path = ioapi.h; sourceTree = "<group>"; };
		8E0A661F1AF23C25000CFB22 /* mztools.c */ = {isa = PBXFileReference; fileEncoding = 4; lastKnownFileType = sourcecode.c.c; path = mztools.c; sourceTree = "<group>"; };
		8E0A66201AF23C25000CFB22 /* mztools.h */ = {isa = PBXFileReference; fileEncoding = 4; lastKnownFileType = sourcecode.c.h; path = mztools.h; sourceTree = "<group>"; };
		8E0A66211AF23C26000CFB22 /* unzip.c */ = {isa = PBXFileReference; fileEncoding = 4; lastKnownFileType = sourcecode.c.c; path = unzip.c; sourceTree = "<group>"; };
		8E0A66221AF23C26000CFB22 /* unzip.h */ = {isa = PBXFileReference; fileEncoding = 4; lastKnownFileType = sourcecode.c.h; path = unzip.h; sourceTree = "<group>"; };
		8E0A66231AF23C26000CFB22 /* zip.c */ = {isa = PBXFileReference; fileEncoding = 4; lastKnownFileType = sourcecode.c.c; path = zip.c; sourceTree = "<group>"; };
		8E0A66241AF23C26000CFB22 /* zip.h */ = {isa = PBXFileReference; fileEncoding = 4; lastKnownFileType = sourcecode.c.h; path = zip.h; sourceTree = "<group>"; };
		8E0A66251AF23C26000CFB22 /* SSZipArchive.h */ = {isa = PBXFileReference; fileEncoding = 4; lastKnownFileType = sourcecode.c.h; path = SSZipArchive.h; sourceTree = "<group>"; };
		8E0A66261AF23C26000CFB22 /* SSZipArchive.m */ = {isa = PBXFileReference; fileEncoding = 4; lastKnownFileType = sourcecode.c.objc; path = SSZipArchive.m; sourceTree = "<group>"; };
		8E0A662E1AF23E88000CFB22 /* FileZip.swift */ = {isa = PBXFileReference; fileEncoding = 4; lastKnownFileType = sourcecode.swift; path = FileZip.swift; sourceTree = "<group>"; };
		8EA5BE9C1B03455400662CF4 /* FileCollectionView.swift */ = {isa = PBXFileReference; fileEncoding = 4; lastKnownFileType = sourcecode.swift; path = FileCollectionView.swift; sourceTree = "<group>"; };
		8EBC65EE1C883EC20037376A /* libz.tbd */ = {isa = PBXFileReference; lastKnownFileType = "sourcecode.text-based-dylib-definition"; name = libz.tbd; path = usr/lib/libz.tbd; sourceTree = SDKROOT; };
		8EBC661E1C88A1A30037376A /* FileMove.swift */ = {isa = PBXFileReference; fileEncoding = 4; lastKnownFileType = sourcecode.swift; path = FileMove.swift; sourceTree = "<group>"; };
		8ECA221A1B024F2400371911 /* EPUBContainerParser.swift */ = {isa = PBXFileReference; fileEncoding = 4; lastKnownFileType = sourcecode.swift; path = EPUBContainerParser.swift; sourceTree = "<group>"; };
/* End PBXFileReference section */

/* Begin PBXFrameworksBuildPhase section */
		8E0A65E91AF23B8F000CFB22 /* Frameworks */ = {
			isa = PBXFrameworksBuildPhase;
			buildActionMask = 2147483647;
			files = (
				8EBC65EF1C883EC20037376A /* libz.tbd in Frameworks */,
			);
			runOnlyForDeploymentPostprocessing = 0;
		};
		8E0A65FE1AF23B8F000CFB22 /* Frameworks */ = {
			isa = PBXFrameworksBuildPhase;
			buildActionMask = 2147483647;
			files = (
			);
			runOnlyForDeploymentPostprocessing = 0;
		};
/* End PBXFrameworksBuildPhase section */

/* Begin PBXGroup section */
		8E0A65E31AF23B8F000CFB22 = {
			isa = PBXGroup;
			children = (
				8EBC65EE1C883EC20037376A /* libz.tbd */,
				8E0A65EE1AF23B8F000CFB22 /* SwiftFilesZip */,
				8E0A66041AF23B8F000CFB22 /* SwiftFilesZipTests */,
				8E0A65ED1AF23B8F000CFB22 /* Products */,
				8E0A66191AF23BC1000CFB22 /* SwiftFiles */,
			);
			sourceTree = "<group>";
		};
		8E0A65ED1AF23B8F000CFB22 /* Products */ = {
			isa = PBXGroup;
			children = (
				8E0A65EC1AF23B8F000CFB22 /* SwiftFilesZip.app */,
				8E0A66011AF23B8F000CFB22 /* SwiftFilesZipTests.xctest */,
			);
			name = Products;
			sourceTree = "<group>";
		};
		8E0A65EE1AF23B8F000CFB22 /* SwiftFilesZip */ = {
			isa = PBXGroup;
			children = (
				8E0A65F11AF23B8F000CFB22 /* AppDelegate.swift */,
				8E0A65F31AF23B8F000CFB22 /* ViewController.swift */,
				8E0A65F51AF23B8F000CFB22 /* Main.storyboard */,
				8EA5BE9C1B03455400662CF4 /* FileCollectionView.swift */,
				8E0A65F81AF23B8F000CFB22 /* Images.xcassets */,
				8E0A65FA1AF23B8F000CFB22 /* LaunchScreen.xib */,
				8E0A65EF1AF23B8F000CFB22 /* Supporting Files */,
			);
			path = SwiftFilesZip;
			sourceTree = "<group>";
		};
		8E0A65EF1AF23B8F000CFB22 /* Supporting Files */ = {
			isa = PBXGroup;
			children = (
				8E0A65F01AF23B8F000CFB22 /* Info.plist */,
			);
			name = "Supporting Files";
			sourceTree = "<group>";
		};
		8E0A66041AF23B8F000CFB22 /* SwiftFilesZipTests */ = {
			isa = PBXGroup;
			children = (
				8E0A66071AF23B8F000CFB22 /* SwiftFilesZipTests.swift */,
				8E0A66051AF23B8F000CFB22 /* Supporting Files */,
			);
			path = SwiftFilesZipTests;
			sourceTree = "<group>";
		};
		8E0A66051AF23B8F000CFB22 /* Supporting Files */ = {
			isa = PBXGroup;
			children = (
				8E0A66061AF23B8F000CFB22 /* Info.plist */,
			);
			name = "Supporting Files";
			sourceTree = "<group>";
		};
		8E0A66191AF23BC1000CFB22 /* SwiftFiles */ = {
			isa = PBXGroup;
			children = (
				8E0A661B1AF23C25000CFB22 /* minizip */,
				8E0A66251AF23C26000CFB22 /* SSZipArchive.h */,
				8E0A66261AF23C26000CFB22 /* SSZipArchive.m */,
				8E0A661A1AF23C25000CFB22 /* SwiftFilesZip-Bridging-Header.h */,
				8ECA221A1B024F2400371911 /* EPUBContainerParser.swift */,
				8E03A2D21C875E7C00EC92A8 /* FileDelete.swift */,
				8E03A2D31C875E7C00EC92A8 /* FileDirectory.swift */,
				8E03A2D41C875E7C00EC92A8 /* FileHelper.swift */,
				8E03A2D51C875E7C00EC92A8 /* FileList.swift */,
				8E03A2D61C875E7C00EC92A8 /* FileLoad.swift */,
				8E03A2D71C875E7C00EC92A8 /* FileSave.swift */,
				8E0A662E1AF23E88000CFB22 /* FileZip.swift */,
				8EBC661E1C88A1A30037376A /* FileMove.swift */,
			);
			name = SwiftFiles;
			sourceTree = "<group>";
		};
		8E0A661B1AF23C25000CFB22 /* minizip */ = {
			isa = PBXGroup;
			children = (
				8E0A661C1AF23C25000CFB22 /* crypt.h */,
				8E0A661D1AF23C25000CFB22 /* ioapi.c */,
				8E0A661E1AF23C25000CFB22 /* ioapi.h */,
				8E0A661F1AF23C25000CFB22 /* mztools.c */,
				8E0A66201AF23C25000CFB22 /* mztools.h */,
				8E0A66211AF23C26000CFB22 /* unzip.c */,
				8E0A66221AF23C26000CFB22 /* unzip.h */,
				8E0A66231AF23C26000CFB22 /* zip.c */,
				8E0A66241AF23C26000CFB22 /* zip.h */,
			);
			path = minizip;
			sourceTree = "<group>";
		};
/* End PBXGroup section */

/* Begin PBXNativeTarget section */
		8E0A65EB1AF23B8F000CFB22 /* SwiftFilesZip */ = {
			isa = PBXNativeTarget;
			buildConfigurationList = 8E0A660B1AF23B8F000CFB22 /* Build configuration list for PBXNativeTarget "SwiftFilesZip" */;
			buildPhases = (
				8E0A65E81AF23B8F000CFB22 /* Sources */,
				8E0A65E91AF23B8F000CFB22 /* Frameworks */,
				8E0A65EA1AF23B8F000CFB22 /* Resources */,
			);
			buildRules = (
			);
			dependencies = (
			);
			name = SwiftFilesZip;
			productName = SwiftFilesZip;
			productReference = 8E0A65EC1AF23B8F000CFB22 /* SwiftFilesZip.app */;
			productType = "com.apple.product-type.application";
		};
		8E0A66001AF23B8F000CFB22 /* SwiftFilesZipTests */ = {
			isa = PBXNativeTarget;
			buildConfigurationList = 8E0A660E1AF23B8F000CFB22 /* Build configuration list for PBXNativeTarget "SwiftFilesZipTests" */;
			buildPhases = (
				8E0A65FD1AF23B8F000CFB22 /* Sources */,
				8E0A65FE1AF23B8F000CFB22 /* Frameworks */,
				8E0A65FF1AF23B8F000CFB22 /* Resources */,
			);
			buildRules = (
			);
			dependencies = (
				8E0A66031AF23B8F000CFB22 /* PBXTargetDependency */,
			);
			name = SwiftFilesZipTests;
			productName = SwiftFilesZipTests;
			productReference = 8E0A66011AF23B8F000CFB22 /* SwiftFilesZipTests.xctest */;
			productType = "com.apple.product-type.bundle.unit-test";
		};
/* End PBXNativeTarget section */

/* Begin PBXProject section */
		8E0A65E41AF23B8F000CFB22 /* Project object */ = {
			isa = PBXProject;
			attributes = {
				LastSwiftMigration = 0720;
				LastSwiftUpdateCheck = 0720;
				LastUpgradeCheck = 0630;
				ORGANIZATIONNAME = Gylphi;
				TargetAttributes = {
					8E0A65EB1AF23B8F000CFB22 = {
						CreatedOnToolsVersion = 6.3.1;
						DevelopmentTeam = MPWBP88JP3;
						LastSwiftMigration = 0820;
					};
					8E0A66001AF23B8F000CFB22 = {
						CreatedOnToolsVersion = 6.3.1;
						LastSwiftMigration = 0820;
						TestTargetID = 8E0A65EB1AF23B8F000CFB22;
					};
				};
			};
			buildConfigurationList = 8E0A65E71AF23B8F000CFB22 /* Build configuration list for PBXProject "SwiftFilesZip" */;
			compatibilityVersion = "Xcode 3.2";
			developmentRegion = English;
			hasScannedForEncodings = 0;
			knownRegions = (
				en,
				Base,
			);
			mainGroup = 8E0A65E31AF23B8F000CFB22;
			productRefGroup = 8E0A65ED1AF23B8F000CFB22 /* Products */;
			projectDirPath = "";
			projectRoot = "";
			targets = (
				8E0A65EB1AF23B8F000CFB22 /* SwiftFilesZip */,
				8E0A66001AF23B8F000CFB22 /* SwiftFilesZipTests */,
			);
		};
/* End PBXProject section */

/* Begin PBXResourcesBuildPhase section */
		8E0A65EA1AF23B8F000CFB22 /* Resources */ = {
			isa = PBXResourcesBuildPhase;
			buildActionMask = 2147483647;
			files = (
				8E0A65F71AF23B8F000CFB22 /* Main.storyboard in Resources */,
				8E0A65FC1AF23B8F000CFB22 /* LaunchScreen.xib in Resources */,
				8E0A65F91AF23B8F000CFB22 /* Images.xcassets in Resources */,
			);
			runOnlyForDeploymentPostprocessing = 0;
		};
		8E0A65FF1AF23B8F000CFB22 /* Resources */ = {
			isa = PBXResourcesBuildPhase;
			buildActionMask = 2147483647;
			files = (
			);
			runOnlyForDeploymentPostprocessing = 0;
		};
/* End PBXResourcesBuildPhase section */

/* Begin PBXSourcesBuildPhase section */
		8E0A65E81AF23B8F000CFB22 /* Sources */ = {
			isa = PBXSourcesBuildPhase;
			buildActionMask = 2147483647;
			files = (
				8E03A2DC1C875E7C00EC92A8 /* FileLoad.swift in Sources */,
				8E0A66291AF23C26000CFB22 /* unzip.c in Sources */,
				8E0A65F41AF23B8F000CFB22 /* ViewController.swift in Sources */,
				8E03A2D81C875E7C00EC92A8 /* FileDelete.swift in Sources */,
				8E03A2DB1C875E7C00EC92A8 /* FileList.swift in Sources */,
				8E03A2D91C875E7C00EC92A8 /* FileDirectory.swift in Sources */,
				8E03A2DA1C875E7C00EC92A8 /* FileHelper.swift in Sources */,
				8E0A662A1AF23C26000CFB22 /* zip.c in Sources */,
				8E03A2DD1C875E7C00EC92A8 /* FileSave.swift in Sources */,
				8E0A66281AF23C26000CFB22 /* mztools.c in Sources */,
				8EBC661F1C88A1A30037376A /* FileMove.swift in Sources */,
				8E0A65F21AF23B8F000CFB22 /* AppDelegate.swift in Sources */,
				8EA5BE9D1B03455400662CF4 /* FileCollectionView.swift in Sources */,
				8E0A66271AF23C26000CFB22 /* ioapi.c in Sources */,
				8E0A662B1AF23C26000CFB22 /* SSZipArchive.m in Sources */,
				8E0A662F1AF23E88000CFB22 /* FileZip.swift in Sources */,
				8ECA221B1B024F2400371911 /* EPUBContainerParser.swift in Sources */,
			);
			runOnlyForDeploymentPostprocessing = 0;
		};
		8E0A65FD1AF23B8F000CFB22 /* Sources */ = {
			isa = PBXSourcesBuildPhase;
			buildActionMask = 2147483647;
			files = (
				8E0A66081AF23B8F000CFB22 /* SwiftFilesZipTests.swift in Sources */,
			);
			runOnlyForDeploymentPostprocessing = 0;
		};
/* End PBXSourcesBuildPhase section */

/* Begin PBXTargetDependency section */
		8E0A66031AF23B8F000CFB22 /* PBXTargetDependency */ = {
			isa = PBXTargetDependency;
			target = 8E0A65EB1AF23B8F000CFB22 /* SwiftFilesZip */;
			targetProxy = 8E0A66021AF23B8F000CFB22 /* PBXContainerItemProxy */;
		};
/* End PBXTargetDependency section */

/* Begin PBXVariantGroup section */
		8E0A65F51AF23B8F000CFB22 /* Main.storyboard */ = {
			isa = PBXVariantGroup;
			children = (
				8E0A65F61AF23B8F000CFB22 /* Base */,
			);
			name = Main.storyboard;
			sourceTree = "<group>";
		};
		8E0A65FA1AF23B8F000CFB22 /* LaunchScreen.xib */ = {
			isa = PBXVariantGroup;
			children = (
				8E0A65FB1AF23B8F000CFB22 /* Base */,
			);
			name = LaunchScreen.xib;
			sourceTree = "<group>";
		};
/* End PBXVariantGroup section */

/* Begin XCBuildConfiguration section */
		8E0A66091AF23B8F000CFB22 /* Debug */ = {
			isa = XCBuildConfiguration;
			buildSettings = {
				ALWAYS_SEARCH_USER_PATHS = NO;
				CLANG_CXX_LANGUAGE_STANDARD = "gnu++0x";
				CLANG_CXX_LIBRARY = "libc++";
				CLANG_ENABLE_MODULES = YES;
				CLANG_ENABLE_OBJC_ARC = YES;
				CLANG_WARN_BOOL_CONVERSION = YES;
				CLANG_WARN_CONSTANT_CONVERSION = YES;
				CLANG_WARN_DIRECT_OBJC_ISA_USAGE = YES_ERROR;
				CLANG_WARN_EMPTY_BODY = YES;
				CLANG_WARN_ENUM_CONVERSION = YES;
				CLANG_WARN_INT_CONVERSION = YES;
				CLANG_WARN_OBJC_ROOT_CLASS = YES_ERROR;
				CLANG_WARN_UNREACHABLE_CODE = YES;
				CLANG_WARN__DUPLICATE_METHOD_MATCH = YES;
				"CODE_SIGN_IDENTITY[sdk=iphoneos*]" = "iPhone Developer";
				COPY_PHASE_STRIP = NO;
				DEBUG_INFORMATION_FORMAT = "dwarf-with-dsym";
				ENABLE_STRICT_OBJC_MSGSEND = YES;
				ENABLE_TESTABILITY = YES;
				GCC_C_LANGUAGE_STANDARD = gnu99;
				GCC_DYNAMIC_NO_PIC = NO;
				GCC_NO_COMMON_BLOCKS = YES;
				GCC_OPTIMIZATION_LEVEL = 0;
				GCC_PREPROCESSOR_DEFINITIONS = (
					"DEBUG=1",
					"$(inherited)",
				);
				GCC_SYMBOLS_PRIVATE_EXTERN = NO;
				GCC_WARN_64_TO_32_BIT_CONVERSION = YES;
				GCC_WARN_ABOUT_RETURN_TYPE = YES_ERROR;
				GCC_WARN_UNDECLARED_SELECTOR = YES;
				GCC_WARN_UNINITIALIZED_AUTOS = YES_AGGRESSIVE;
				GCC_WARN_UNUSED_FUNCTION = YES;
				GCC_WARN_UNUSED_VARIABLE = YES;
				IPHONEOS_DEPLOYMENT_TARGET = 8.3;
				MTL_ENABLE_DEBUG_INFO = YES;
				ONLY_ACTIVE_ARCH = YES;
				SDKROOT = iphoneos;
				SWIFT_OPTIMIZATION_LEVEL = "-Onone";
				TARGETED_DEVICE_FAMILY = "1,2";
			};
			name = Debug;
		};
		8E0A660A1AF23B8F000CFB22 /* Release */ = {
			isa = XCBuildConfiguration;
			buildSettings = {
				ALWAYS_SEARCH_USER_PATHS = NO;
				CLANG_CXX_LANGUAGE_STANDARD = "gnu++0x";
				CLANG_CXX_LIBRARY = "libc++";
				CLANG_ENABLE_MODULES = YES;
				CLANG_ENABLE_OBJC_ARC = YES;
				CLANG_WARN_BOOL_CONVERSION = YES;
				CLANG_WARN_CONSTANT_CONVERSION = YES;
				CLANG_WARN_DIRECT_OBJC_ISA_USAGE = YES_ERROR;
				CLANG_WARN_EMPTY_BODY = YES;
				CLANG_WARN_ENUM_CONVERSION = YES;
				CLANG_WARN_INT_CONVERSION = YES;
				CLANG_WARN_OBJC_ROOT_CLASS = YES_ERROR;
				CLANG_WARN_UNREACHABLE_CODE = YES;
				CLANG_WARN__DUPLICATE_METHOD_MATCH = YES;
				"CODE_SIGN_IDENTITY[sdk=iphoneos*]" = "iPhone Developer";
				COPY_PHASE_STRIP = NO;
				DEBUG_INFORMATION_FORMAT = "dwarf-with-dsym";
				ENABLE_NS_ASSERTIONS = NO;
				ENABLE_STRICT_OBJC_MSGSEND = YES;
				ENABLE_TESTABILITY = NO;
				GCC_C_LANGUAGE_STANDARD = gnu99;
				GCC_NO_COMMON_BLOCKS = YES;
				GCC_WARN_64_TO_32_BIT_CONVERSION = YES;
				GCC_WARN_ABOUT_RETURN_TYPE = YES_ERROR;
				GCC_WARN_UNDECLARED_SELECTOR = YES;
				GCC_WARN_UNINITIALIZED_AUTOS = YES_AGGRESSIVE;
				GCC_WARN_UNUSED_FUNCTION = YES;
				GCC_WARN_UNUSED_VARIABLE = YES;
				IPHONEOS_DEPLOYMENT_TARGET = 8.3;
				MTL_ENABLE_DEBUG_INFO = NO;
				SDKROOT = iphoneos;
				TARGETED_DEVICE_FAMILY = "1,2";
				VALIDATE_PRODUCT = YES;
			};
			name = Release;
		};
		8E0A660C1AF23B8F000CFB22 /* Debug */ = {
			isa = XCBuildConfiguration;
			buildSettings = {
				ASSETCATALOG_COMPILER_APPICON_NAME = AppIcon;
				CLANG_ENABLE_MODULES = YES;
				CODE_SIGN_IDENTITY = "iPhone Developer";
				INFOPLIST_FILE = SwiftFilesZip/Info.plist;
				LD_RUNPATH_SEARCH_PATHS = "$(inherited) @executable_path/Frameworks";
				PRODUCT_NAME = "$(TARGET_NAME)";
				SWIFT_OBJC_BRIDGING_HEADER = "SwiftFilesZip-Bridging-Header.h";
				SWIFT_OPTIMIZATION_LEVEL = "-Onone";
				SWIFT_VERSION = 3.0;
			};
			name = Debug;
		};
		8E0A660D1AF23B8F000CFB22 /* Release */ = {
			isa = XCBuildConfiguration;
			buildSettings = {
				ASSETCATALOG_COMPILER_APPICON_NAME = AppIcon;
				CLANG_ENABLE_MODULES = YES;
				CODE_SIGN_IDENTITY = "iPhone Developer";
				INFOPLIST_FILE = SwiftFilesZip/Info.plist;
				LD_RUNPATH_SEARCH_PATHS = "$(inherited) @executable_path/Frameworks";
				PRODUCT_NAME = "$(TARGET_NAME)";
				SWIFT_OBJC_BRIDGING_HEADER = "SwiftFilesZip-Bridging-Header.h";
				SWIFT_VERSION = 3.0;
			};
			name = Release;
		};
		8E0A660F1AF23B8F000CFB22 /* Debug */ = {
			isa = XCBuildConfiguration;
			buildSettings = {
				BUNDLE_LOADER = "$(TEST_HOST)";
				ENABLE_TESTABILITY = YES;
				FRAMEWORK_SEARCH_PATHS = (
					"$(SDKROOT)/Developer/Library/Frameworks",
					"$(inherited)",
				);
				GCC_PREPROCESSOR_DEFINITIONS = (
					"DEBUG=1",
					"$(inherited)",
				);
				INFOPLIST_FILE = SwiftFilesZipTests/Info.plist;
				LD_RUNPATH_SEARCH_PATHS = "$(inherited) @executable_path/Frameworks @loader_path/Frameworks";
				PRODUCT_NAME = "$(TARGET_NAME)";
				SWIFT_VERSION = 3.0;
				TEST_HOST = "$(BUILT_PRODUCTS_DIR)/SwiftFilesZip.app/SwiftFilesZip";
			};
			name = Debug;
		};
		8E0A66101AF23B8F000CFB22 /* Release */ = {
			isa = XCBuildConfiguration;
			buildSettings = {
				BUNDLE_LOADER = "$(TEST_HOST)";
				ENABLE_TESTABILITY = NO;
				FRAMEWORK_SEARCH_PATHS = (
					"$(SDKROOT)/Developer/Library/Frameworks",
					"$(inherited)",
				);
				INFOPLIST_FILE = SwiftFilesZipTests/Info.plist;
				LD_RUNPATH_SEARCH_PATHS = "$(inherited) @executable_path/Frameworks @loader_path/Frameworks";
				PRODUCT_NAME = "$(TARGET_NAME)";
				SWIFT_VERSION = 3.0;
				TEST_HOST = "$(BUILT_PRODUCTS_DIR)/SwiftFilesZip.app/SwiftFilesZip";
			};
			name = Release;
		};
/* End XCBuildConfiguration section */

/* Begin XCConfigurationList section */
		8E0A65E71AF23B8F000CFB22 /* Build configuration list for PBXProject "SwiftFilesZip" */ = {
			isa = XCConfigurationList;
			buildConfigurations = (
				8E0A66091AF23B8F000CFB22 /* Debug */,
				8E0A660A1AF23B8F000CFB22 /* Release */,
			);
			defaultConfigurationIsVisible = 0;
			defaultConfigurationName = Release;
		};
		8E0A660B1AF23B8F000CFB22 /* Build configuration list for PBXNativeTarget "SwiftFilesZip" */ = {
			isa = XCConfigurationList;
			buildConfigurations = (
				8E0A660C1AF23B8F000CFB22 /* Debug */,
				8E0A660D1AF23B8F000CFB22 /* Release */,
			);
			defaultConfigurationIsVisible = 0;
			defaultConfigurationName = Release;
		};
		8E0A660E1AF23B8F000CFB22 /* Build configuration list for PBXNativeTarget "SwiftFilesZipTests" */ = {
			isa = XCConfigurationList;
			buildConfigurations = (
				8E0A660F1AF23B8F000CFB22 /* Debug */,
				8E0A66101AF23B8F000CFB22 /* Release */,
			);
			defaultConfigurationIsVisible = 0;
			defaultConfigurationName = Release;
		};
/* End XCConfigurationList section */
	};
	rootObject = 8E0A65E41AF23B8F000CFB22 /* Project object */;
}
